// !$*UTF8*$!
{
	archiveVersion = 1;
	classes = {
	};
	objectVersion = 56;
	objects = {

/* Begin PBXBuildFile section */
		AC23931C29FA988200F095CB /* AppDelegate.swift in Sources */ = {isa = PBXBuildFile; fileRef = AC23931B29FA988200F095CB /* AppDelegate.swift */; };
		AC23931E29FA988200F095CB /* SceneDelegate.swift in Sources */ = {isa = PBXBuildFile; fileRef = AC23931D29FA988200F095CB /* SceneDelegate.swift */; };
		AC23932029FA988200F095CB /* ViewController.swift in Sources */ = {isa = PBXBuildFile; fileRef = AC23931F29FA988200F095CB /* ViewController.swift */; };
		AC23932329FA988200F095CB /* Main.storyboard in Resources */ = {isa = PBXBuildFile; fileRef = AC23932129FA988200F095CB /* Main.storyboard */; };
		AC23932529FA988400F095CB /* Assets.xcassets in Resources */ = {isa = PBXBuildFile; fileRef = AC23932429FA988400F095CB /* Assets.xcassets */; };
		AC23932829FA988400F095CB /* LaunchScreen.storyboard in Resources */ = {isa = PBXBuildFile; fileRef = AC23932629FA988400F095CB /* LaunchScreen.storyboard */; };
		AC23933329FA988400F095CB /* TimerProjectTests.swift in Sources */ = {isa = PBXBuildFile; fileRef = AC23933229FA988400F095CB /* TimerProjectTests.swift */; };
		AC23933D29FA988400F095CB /* TimerProjectUITests.swift in Sources */ = {isa = PBXBuildFile; fileRef = AC23933C29FA988400F095CB /* TimerProjectUITests.swift */; };
		AC23933F29FA988400F095CB /* TimerProjectUITestsLaunchTests.swift in Sources */ = {isa = PBXBuildFile; fileRef = AC23933E29FA988400F095CB /* TimerProjectUITestsLaunchTests.swift */; };
/* End PBXBuildFile section */

/* Begin PBXContainerItemProxy section */
		AC23932F29FA988400F095CB /* PBXContainerItemProxy */ = {
			isa = PBXContainerItemProxy;
			containerPortal = AC23931029FA988200F095CB /* Project object */;
			proxyType = 1;
			remoteGlobalIDString = AC23931729FA988200F095CB;
			remoteInfo = TimerProject;
		};
		AC23933929FA988400F095CB /* PBXContainerItemProxy */ = {
			isa = PBXContainerItemProxy;
			containerPortal = AC23931029FA988200F095CB /* Project object */;
			proxyType = 1;
			remoteGlobalIDString = AC23931729FA988200F095CB;
			remoteInfo = TimerProject;
		};
/* End PBXContainerItemProxy section */

/* Begin PBXFileReference section */
		AC23931829FA988200F095CB /* TimerProject.app */ = {isa = PBXFileReference; explicitFileType = wrapper.application; includeInIndex = 0; path = TimerProject.app; sourceTree = BUILT_PRODUCTS_DIR; };
		AC23931B29FA988200F095CB /* AppDelegate.swift */ = {isa = PBXFileReference; lastKnownFileType = sourcecode.swift; path = AppDelegate.swift; sourceTree = "<group>"; };
		AC23931D29FA988200F095CB /* SceneDelegate.swift */ = {isa = PBXFileReference; lastKnownFileType = sourcecode.swift; path = SceneDelegate.swift; sourceTree = "<group>"; };
		AC23931F29FA988200F095CB /* ViewController.swift */ = {isa = PBXFileReference; lastKnownFileType = sourcecode.swift; path = ViewController.swift; sourceTree = "<group>"; };
		AC23932229FA988200F095CB /* Base */ = {isa = PBXFileReference; lastKnownFileType = file.storyboard; name = Base; path = Base.lproj/Main.storyboard; sourceTree = "<group>"; };
		AC23932429FA988400F095CB /* Assets.xcassets */ = {isa = PBXFileReference; lastKnownFileType = folder.assetcatalog; path = Assets.xcassets; sourceTree = "<group>"; };
		AC23932729FA988400F095CB /* Base */ = {isa = PBXFileReference; lastKnownFileType = file.storyboard; name = Base; path = Base.lproj/LaunchScreen.storyboard; sourceTree = "<group>"; };
		AC23932929FA988400F095CB /* Info.plist */ = {isa = PBXFileReference; lastKnownFileType = text.plist.xml; path = Info.plist; sourceTree = "<group>"; };
		AC23932E29FA988400F095CB /* TimerProjectTests.xctest */ = {isa = PBXFileReference; explicitFileType = wrapper.cfbundle; includeInIndex = 0; path = TimerProjectTests.xctest; sourceTree = BUILT_PRODUCTS_DIR; };
		AC23933229FA988400F095CB /* TimerProjectTests.swift */ = {isa = PBXFileReference; lastKnownFileType = sourcecode.swift; path = TimerProjectTests.swift; sourceTree = "<group>"; };
		AC23933829FA988400F095CB /* TimerProjectUITests.xctest */ = {isa = PBXFileReference; explicitFileType = wrapper.cfbundle; includeInIndex = 0; path = TimerProjectUITests.xctest; sourceTree = BUILT_PRODUCTS_DIR; };
		AC23933C29FA988400F095CB /* TimerProjectUITests.swift */ = {isa = PBXFileReference; lastKnownFileType = sourcecode.swift; path = TimerProjectUITests.swift; sourceTree = "<group>"; };
		AC23933E29FA988400F095CB /* TimerProjectUITestsLaunchTests.swift */ = {isa = PBXFileReference; lastKnownFileType = sourcecode.swift; path = TimerProjectUITestsLaunchTests.swift; sourceTree = "<group>"; };
/* End PBXFileReference section */

/* Begin PBXFrameworksBuildPhase section */
		AC23931529FA988200F095CB /* Frameworks */ = {
			isa = PBXFrameworksBuildPhase;
			buildActionMask = 2147483647;
			files = (
			);
			runOnlyForDeploymentPostprocessing = 0;
		};
		AC23932B29FA988400F095CB /* Frameworks */ = {
			isa = PBXFrameworksBuildPhase;
			buildActionMask = 2147483647;
			files = (
			);
			runOnlyForDeploymentPostprocessing = 0;
		};
		AC23933529FA988400F095CB /* Frameworks */ = {
			isa = PBXFrameworksBuildPhase;
			buildActionMask = 2147483647;
			files = (
			);
			runOnlyForDeploymentPostprocessing = 0;
		};
/* End PBXFrameworksBuildPhase section */

/* Begin PBXGroup section */
		AC23930F29FA988200F095CB = {
			isa = PBXGroup;
			children = (
				AC23931A29FA988200F095CB /* TimerProject */,
				AC23933129FA988400F095CB /* TimerProjectTests */,
				AC23933B29FA988400F095CB /* TimerProjectUITests */,
				AC23931929FA988200F095CB /* Products */,
			);
			sourceTree = "<group>";
		};
		AC23931929FA988200F095CB /* Products */ = {
			isa = PBXGroup;
			children = (
				AC23931829FA988200F095CB /* TimerProject.app */,
				AC23932E29FA988400F095CB /* TimerProjectTests.xctest */,
				AC23933829FA988400F095CB /* TimerProjectUITests.xctest */,
			);
			name = Products;
			sourceTree = "<group>";
		};
		AC23931A29FA988200F095CB /* TimerProject */ = {
			isa = PBXGroup;
			children = (
				AC23931B29FA988200F095CB /* AppDelegate.swift */,
				AC23931D29FA988200F095CB /* SceneDelegate.swift */,
				AC23931F29FA988200F095CB /* ViewController.swift */,
				AC23932129FA988200F095CB /* Main.storyboard */,
				AC23932429FA988400F095CB /* Assets.xcassets */,
				AC23932629FA988400F095CB /* LaunchScreen.storyboard */,
				AC23932929FA988400F095CB /* Info.plist */,
			);
			path = TimerProject;
			sourceTree = "<group>";
		};
		AC23933129FA988400F095CB /* TimerProjectTests */ = {
			isa = PBXGroup;
			children = (
				AC23933229FA988400F095CB /* TimerProjectTests.swift */,
			);
			path = TimerProjectTests;
			sourceTree = "<group>";
		};
		AC23933B29FA988400F095CB /* TimerProjectUITests */ = {
			isa = PBXGroup;
			children = (
				AC23933C29FA988400F095CB /* TimerProjectUITests.swift */,
				AC23933E29FA988400F095CB /* TimerProjectUITestsLaunchTests.swift */,
			);
			path = TimerProjectUITests;
			sourceTree = "<group>";
		};
/* End PBXGroup section */

/* Begin PBXNativeTarget section */
		AC23931729FA988200F095CB /* TimerProject */ = {
			isa = PBXNativeTarget;
			buildConfigurationList = AC23934229FA988400F095CB /* Build configuration list for PBXNativeTarget "TimerProject" */;
			buildPhases = (
				AC23931429FA988200F095CB /* Sources */,
				AC23931529FA988200F095CB /* Frameworks */,
				AC23931629FA988200F095CB /* Resources */,
			);
			buildRules = (
			);
			dependencies = (
			);
			name = TimerProject;
			productName = TimerProject;
			productReference = AC23931829FA988200F095CB /* TimerProject.app */;
			productType = "com.apple.product-type.application";
		};
		AC23932D29FA988400F095CB /* TimerProjectTests */ = {
			isa = PBXNativeTarget;
			buildConfigurationList = AC23934529FA988400F095CB /* Build configuration list for PBXNativeTarget "TimerProjectTests" */;
			buildPhases = (
				AC23932A29FA988400F095CB /* Sources */,
				AC23932B29FA988400F095CB /* Frameworks */,
				AC23932C29FA988400F095CB /* Resources */,
			);
			buildRules = (
			);
			dependencies = (
				AC23933029FA988400F095CB /* PBXTargetDependency */,
			);
			name = TimerProjectTests;
			productName = TimerProjectTests;
			productReference = AC23932E29FA988400F095CB /* TimerProjectTests.xctest */;
			productType = "com.apple.product-type.bundle.unit-test";
		};
		AC23933729FA988400F095CB /* TimerProjectUITests */ = {
			isa = PBXNativeTarget;
			buildConfigurationList = AC23934829FA988400F095CB /* Build configuration list for PBXNativeTarget "TimerProjectUITests" */;
			buildPhases = (
				AC23933429FA988400F095CB /* Sources */,
				AC23933529FA988400F095CB /* Frameworks */,
				AC23933629FA988400F095CB /* Resources */,
			);
			buildRules = (
			);
			dependencies = (
				AC23933A29FA988400F095CB /* PBXTargetDependency */,
			);
			name = TimerProjectUITests;
			productName = TimerProjectUITests;
			productReference = AC23933829FA988400F095CB /* TimerProjectUITests.xctest */;
			productType = "com.apple.product-type.bundle.ui-testing";
		};
/* End PBXNativeTarget section */

/* Begin PBXProject section */
		AC23931029FA988200F095CB /* Project object */ = {
			isa = PBXProject;
			attributes = {
				BuildIndependentTargetsInParallel = 1;
				LastSwiftUpdateCheck = 1420;
				LastUpgradeCheck = 1420;
				TargetAttributes = {
					AC23931729FA988200F095CB = {
						CreatedOnToolsVersion = 14.2;
					};
					AC23932D29FA988400F095CB = {
						CreatedOnToolsVersion = 14.2;
						TestTargetID = AC23931729FA988200F095CB;
					};
					AC23933729FA988400F095CB = {
						CreatedOnToolsVersion = 14.2;
						TestTargetID = AC23931729FA988200F095CB;
					};
				};
			};
			buildConfigurationList = AC23931329FA988200F095CB /* Build configuration list for PBXProject "TimerProject" */;
			compatibilityVersion = "Xcode 14.0";
			developmentRegion = en;
			hasScannedForEncodings = 0;
			knownRegions = (
				en,
				Base,
			);
			mainGroup = AC23930F29FA988200F095CB;
			productRefGroup = AC23931929FA988200F095CB /* Products */;
			projectDirPath = "";
			projectRoot = "";
			targets = (
				AC23931729FA988200F095CB /* TimerProject */,
				AC23932D29FA988400F095CB /* TimerProjectTests */,
				AC23933729FA988400F095CB /* TimerProjectUITests */,
			);
		};
/* End PBXProject section */

/* Begin PBXResourcesBuildPhase section */
		AC23931629FA988200F095CB /* Resources */ = {
			isa = PBXResourcesBuildPhase;
			buildActionMask = 2147483647;
			files = (
				AC23932829FA988400F095CB /* LaunchScreen.storyboard in Resources */,
				AC23932529FA988400F095CB /* Assets.xcassets in Resources */,
				AC23932329FA988200F095CB /* Main.storyboard in Resources */,
			);
			runOnlyForDeploymentPostprocessing = 0;
		};
		AC23932C29FA988400F095CB /* Resources */ = {
			isa = PBXResourcesBuildPhase;
			buildActionMask = 2147483647;
			files = (
			);
			runOnlyForDeploymentPostprocessing = 0;
		};
		AC23933629FA988400F095CB /* Resources */ = {
			isa = PBXResourcesBuildPhase;
			buildActionMask = 2147483647;
			files = (
			);
			runOnlyForDeploymentPostprocessing = 0;
		};
/* End PBXResourcesBuildPhase section */

/* Begin PBXSourcesBuildPhase section */
		AC23931429FA988200F095CB /* Sources */ = {
			isa = PBXSourcesBuildPhase;
			buildActionMask = 2147483647;
			files = (
				AC23932029FA988200F095CB /* ViewController.swift in Sources */,
				AC23931C29FA988200F095CB /* AppDelegate.swift in Sources */,
				AC23931E29FA988200F095CB /* SceneDelegate.swift in Sources */,
			);
			runOnlyForDeploymentPostprocessing = 0;
		};
		AC23932A29FA988400F095CB /* Sources */ = {
			isa = PBXSourcesBuildPhase;
			buildActionMask = 2147483647;
			files = (
				AC23933329FA988400F095CB /* TimerProjectTests.swift in Sources */,
			);
			runOnlyForDeploymentPostprocessing = 0;
		};
		AC23933429FA988400F095CB /* Sources */ = {
			isa = PBXSourcesBuildPhase;
			buildActionMask = 2147483647;
			files = (
				AC23933F29FA988400F095CB /* TimerProjectUITestsLaunchTests.swift in Sources */,
				AC23933D29FA988400F095CB /* TimerProjectUITests.swift in Sources */,
			);
			runOnlyForDeploymentPostprocessing = 0;
		};
/* End PBXSourcesBuildPhase section */

/* Begin PBXTargetDependency section */
		AC23933029FA988400F095CB /* PBXTargetDependency */ = {
			isa = PBXTargetDependency;
			target = AC23931729FA988200F095CB /* TimerProject */;
			targetProxy = AC23932F29FA988400F095CB /* PBXContainerItemProxy */;
		};
		AC23933A29FA988400F095CB /* PBXTargetDependency */ = {
			isa = PBXTargetDependency;
			target = AC23931729FA988200F095CB /* TimerProject */;
			targetProxy = AC23933929FA988400F095CB /* PBXContainerItemProxy */;
		};
/* End PBXTargetDependency section */

/* Begin PBXVariantGroup section */
		AC23932129FA988200F095CB /* Main.storyboard */ = {
			isa = PBXVariantGroup;
			children = (
				AC23932229FA988200F095CB /* Base */,
			);
			name = Main.storyboard;
			sourceTree = "<group>";
		};
		AC23932629FA988400F095CB /* LaunchScreen.storyboard */ = {
			isa = PBXVariantGroup;
			children = (
				AC23932729FA988400F095CB /* Base */,
			);
			name = LaunchScreen.storyboard;
			sourceTree = "<group>";
		};
/* End PBXVariantGroup section */

/* Begin XCBuildConfiguration section */
		AC23934029FA988400F095CB /* Debug */ = {
			isa = XCBuildConfiguration;
			buildSettings = {
				ALWAYS_SEARCH_USER_PATHS = NO;
				CLANG_ANALYZER_NONNULL = YES;
				CLANG_ANALYZER_NUMBER_OBJECT_CONVERSION = YES_AGGRESSIVE;
				CLANG_CXX_LANGUAGE_STANDARD = "gnu++20";
				CLANG_ENABLE_MODULES = YES;
				CLANG_ENABLE_OBJC_ARC = YES;
				CLANG_ENABLE_OBJC_WEAK = YES;
				CLANG_WARN_BLOCK_CAPTURE_AUTORELEASING = YES;
				CLANG_WARN_BOOL_CONVERSION = YES;
				CLANG_WARN_COMMA = YES;
				CLANG_WARN_CONSTANT_CONVERSION = YES;
				CLANG_WARN_DEPRECATED_OBJC_IMPLEMENTATIONS = YES;
				CLANG_WARN_DIRECT_OBJC_ISA_USAGE = YES_ERROR;
				CLANG_WARN_DOCUMENTATION_COMMENTS = YES;
				CLANG_WARN_EMPTY_BODY = YES;
				CLANG_WARN_ENUM_CONVERSION = YES;
				CLANG_WARN_INFINITE_RECURSION = YES;
				CLANG_WARN_INT_CONVERSION = YES;
				CLANG_WARN_NON_LITERAL_NULL_CONVERSION = YES;
				CLANG_WARN_OBJC_IMPLICIT_RETAIN_SELF = YES;
				CLANG_WARN_OBJC_LITERAL_CONVERSION = YES;
				CLANG_WARN_OBJC_ROOT_CLASS = YES_ERROR;
				CLANG_WARN_QUOTED_INCLUDE_IN_FRAMEWORK_HEADER = YES;
				CLANG_WARN_RANGE_LOOP_ANALYSIS = YES;
				CLANG_WARN_STRICT_PROTOTYPES = YES;
				CLANG_WARN_SUSPICIOUS_MOVE = YES;
				CLANG_WARN_UNGUARDED_AVAILABILITY = YES_AGGRESSIVE;
				CLANG_WARN_UNREACHABLE_CODE = YES;
				CLANG_WARN__DUPLICATE_METHOD_MATCH = YES;
				COPY_PHASE_STRIP = NO;
				DEBUG_INFORMATION_FORMAT = dwarf;
				ENABLE_STRICT_OBJC_MSGSEND = YES;
				ENABLE_TESTABILITY = YES;
				GCC_C_LANGUAGE_STANDARD = gnu11;
				GCC_DYNAMIC_NO_PIC = NO;
				GCC_NO_COMMON_BLOCKS = YES;
				GCC_OPTIMIZATION_LEVEL = 0;
				GCC_PREPROCESSOR_DEFINITIONS = (
					"DEBUG=1",
					"$(inherited)",
				);
				GCC_WARN_64_TO_32_BIT_CONVERSION = YES;
				GCC_WARN_ABOUT_RETURN_TYPE = YES_ERROR;
				GCC_WARN_UNDECLARED_SELECTOR = YES;
				GCC_WARN_UNINITIALIZED_AUTOS = YES_AGGRESSIVE;
				GCC_WARN_UNUSED_FUNCTION = YES;
				GCC_WARN_UNUSED_VARIABLE = YES;
				IPHONEOS_DEPLOYMENT_TARGET = 16.2;
				MTL_ENABLE_DEBUG_INFO = INCLUDE_SOURCE;
				MTL_FAST_MATH = YES;
				ONLY_ACTIVE_ARCH = YES;
				SDKROOT = iphoneos;
				SWIFT_ACTIVE_COMPILATION_CONDITIONS = DEBUG;
				SWIFT_OPTIMIZATION_LEVEL = "-Onone";
			};
			name = Debug;
		};
		AC23934129FA988400F095CB /* Release */ = {
			isa = XCBuildConfiguration;
			buildSettings = {
				ALWAYS_SEARCH_USER_PATHS = NO;
				CLANG_ANALYZER_NONNULL = YES;
				CLANG_ANALYZER_NUMBER_OBJECT_CONVERSION = YES_AGGRESSIVE;
				CLANG_CXX_LANGUAGE_STANDARD = "gnu++20";
				CLANG_ENABLE_MODULES = YES;
				CLANG_ENABLE_OBJC_ARC = YES;
				CLANG_ENABLE_OBJC_WEAK = YES;
				CLANG_WARN_BLOCK_CAPTURE_AUTORELEASING = YES;
				CLANG_WARN_BOOL_CONVERSION = YES;
				CLANG_WARN_COMMA = YES;
				CLANG_WARN_CONSTANT_CONVERSION = YES;
				CLANG_WARN_DEPRECATED_OBJC_IMPLEMENTATIONS = YES;
				CLANG_WARN_DIRECT_OBJC_ISA_USAGE = YES_ERROR;
				CLANG_WARN_DOCUMENTATION_COMMENTS = YES;
				CLANG_WARN_EMPTY_BODY = YES;
				CLANG_WARN_ENUM_CONVERSION = YES;
				CLANG_WARN_INFINITE_RECURSION = YES;
				CLANG_WARN_INT_CONVERSION = YES;
				CLANG_WARN_NON_LITERAL_NULL_CONVERSION = YES;
				CLANG_WARN_OBJC_IMPLICIT_RETAIN_SELF = YES;
				CLANG_WARN_OBJC_LITERAL_CONVERSION = YES;
				CLANG_WARN_OBJC_ROOT_CLASS = YES_ERROR;
				CLANG_WARN_QUOTED_INCLUDE_IN_FRAMEWORK_HEADER = YES;
				CLANG_WARN_RANGE_LOOP_ANALYSIS = YES;
				CLANG_WARN_STRICT_PROTOTYPES = YES;
				CLANG_WARN_SUSPICIOUS_MOVE = YES;
				CLANG_WARN_UNGUARDED_AVAILABILITY = YES_AGGRESSIVE;
				CLANG_WARN_UNREACHABLE_CODE = YES;
				CLANG_WARN__DUPLICATE_METHOD_MATCH = YES;
				COPY_PHASE_STRIP = NO;
				DEBUG_INFORMATION_FORMAT = "dwarf-with-dsym";
				ENABLE_NS_ASSERTIONS = NO;
				ENABLE_STRICT_OBJC_MSGSEND = YES;
				GCC_C_LANGUAGE_STANDARD = gnu11;
				GCC_NO_COMMON_BLOCKS = YES;
				GCC_WARN_64_TO_32_BIT_CONVERSION = YES;
				GCC_WARN_ABOUT_RETURN_TYPE = YES_ERROR;
				GCC_WARN_UNDECLARED_SELECTOR = YES;
				GCC_WARN_UNINITIALIZED_AUTOS = YES_AGGRESSIVE;
				GCC_WARN_UNUSED_FUNCTION = YES;
				GCC_WARN_UNUSED_VARIABLE = YES;
				IPHONEOS_DEPLOYMENT_TARGET = 16.2;
				MTL_ENABLE_DEBUG_INFO = NO;
				MTL_FAST_MATH = YES;
				SDKROOT = iphoneos;
				SWIFT_COMPILATION_MODE = wholemodule;
				SWIFT_OPTIMIZATION_LEVEL = "-O";
				VALIDATE_PRODUCT = YES;
			};
			name = Release;
		};
		AC23934329FA988400F095CB /* Debug */ = {
			isa = XCBuildConfiguration;
			buildSettings = {
				ASSETCATALOG_COMPILER_APPICON_NAME = AppIcon;
				ASSETCATALOG_COMPILER_GLOBAL_ACCENT_COLOR_NAME = AccentColor;
				CODE_SIGN_STYLE = Automatic;
				CURRENT_PROJECT_VERSION = 1;
				DEVELOPMENT_TEAM = KVUV47JWPM;
				GENERATE_INFOPLIST_FILE = YES;
				INFOPLIST_FILE = TimerProject/Info.plist;
				INFOPLIST_KEY_UIApplicationSupportsIndirectInputEvents = YES;
				INFOPLIST_KEY_UILaunchStoryboardName = LaunchScreen;
				INFOPLIST_KEY_UIMainStoryboardFile = Main;
				INFOPLIST_KEY_UISupportedInterfaceOrientations_iPad = "UIInterfaceOrientationPortrait UIInterfaceOrientationPortraitUpsideDown UIInterfaceOrientationLandscapeLeft UIInterfaceOrientationLandscapeRight";
				INFOPLIST_KEY_UISupportedInterfaceOrientations_iPhone = "UIInterfaceOrientationPortrait UIInterfaceOrientationLandscapeLeft UIInterfaceOrientationLandscapeRight";
				LD_RUNPATH_SEARCH_PATHS = (
					"$(inherited)",
					"@executable_path/Frameworks",
				);
				MARKETING_VERSION = 1.0;
				PRODUCT_BUNDLE_IDENTIFIER = com.nilsusagol.TimerProject;
				PRODUCT_NAME = "$(TARGET_NAME)";
				SWIFT_EMIT_LOC_STRINGS = YES;
				SWIFT_VERSION = 5.0;
				TARGETED_DEVICE_FAMILY = "1,2";
			};
			name = Debug;
		};
		AC23934429FA988400F095CB /* Release */ = {
			isa = XCBuildConfiguration;
			buildSettings = {
				ASSETCATALOG_COMPILER_APPICON_NAME = AppIcon;
				ASSETCATALOG_COMPILER_GLOBAL_ACCENT_COLOR_NAME = AccentColor;
				CODE_SIGN_STYLE = Automatic;
				CURRENT_PROJECT_VERSION = 1;
				DEVELOPMENT_TEAM = KVUV47JWPM;
				GENERATE_INFOPLIST_FILE = YES;
				INFOPLIST_FILE = TimerProject/Info.plist;
				INFOPLIST_KEY_UIApplicationSupportsIndirectInputEvents = YES;
				INFOPLIST_KEY_UILaunchStoryboardName = LaunchScreen;
				INFOPLIST_KEY_UIMainStoryboardFile = Main;
				INFOPLIST_KEY_UISupportedInterfaceOrientations_iPad = "UIInterfaceOrientationPortrait UIInterfaceOrientationPortraitUpsideDown UIInterfaceOrientationLandscapeLeft UIInterfaceOrientationLandscapeRight";
				INFOPLIST_KEY_UISupportedInterfaceOrientations_iPhone = "UIInterfaceOrientationPortrait UIInterfaceOrientationLandscapeLeft UIInterfaceOrientationLandscapeRight";
				LD_RUNPATH_SEARCH_PATHS = (
					"$(inherited)",
					"@executable_path/Frameworks",
				);
				MARKETING_VERSION = 1.0;
				PRODUCT_BUNDLE_IDENTIFIER = com.nilsusagol.TimerProject;
				PRODUCT_NAME = "$(TARGET_NAME)";
				SWIFT_EMIT_LOC_STRINGS = YES;
				SWIFT_VERSION = 5.0;
				TARGETED_DEVICE_FAMILY = "1,2";
			};
			name = Release;
		};
		AC23934629FA988400F095CB /* Debug */ = {
			isa = XCBuildConfiguration;
			buildSettings = {
				ALWAYS_EMBED_SWIFT_STANDARD_LIBRARIES = YES;
				BUNDLE_LOADER = "$(TEST_HOST)";
				CODE_SIGN_STYLE = Automatic;
				CURRENT_PROJECT_VERSION = 1;
				DEVELOPMENT_TEAM = KVUV47JWPM;
				GENERATE_INFOPLIST_FILE = YES;
				IPHONEOS_DEPLOYMENT_TARGET = 16.2;
				MARKETING_VERSION = 1.0;
				PRODUCT_BUNDLE_IDENTIFIER = com.nilsusagol.TimerProjectTests;
				PRODUCT_NAME = "$(TARGET_NAME)";
				SWIFT_EMIT_LOC_STRINGS = NO;
				SWIFT_VERSION = 5.0;
				TARGETED_DEVICE_FAMILY = "1,2";
				TEST_HOST = "$(BUILT_PRODUCTS_DIR)/TimerProject.app/$(BUNDLE_EXECUTABLE_FOLDER_PATH)/TimerProject";
			};
			name = Debug;
		};
		AC23934729FA988400F095CB /* Release */ = {
			isa = XCBuildConfiguration;
			buildSettings = {
				ALWAYS_EMBED_SWIFT_STANDARD_LIBRARIES = YES;
				BUNDLE_LOADER = "$(TEST_HOST)";
				CODE_SIGN_STYLE = Automatic;
				CURRENT_PROJECT_VERSION = 1;
				DEVELOPMENT_TEAM = KVUV47JWPM;
				GENERATE_INFOPLIST_FILE = YES;
				IPHONEOS_DEPLOYMENT_TARGET = 16.2;
				MARKETING_VERSION = 1.0;
				PRODUCT_BUNDLE_IDENTIFIER = com.nilsusagol.TimerProjectTests;
				PRODUCT_NAME = "$(TARGET_NAME)";
				SWIFT_EMIT_LOC_STRINGS = NO;
				SWIFT_VERSION = 5.0;
				TARGETED_DEVICE_FAMILY = "1,2";
				TEST_HOST = "$(BUILT_PRODUCTS_DIR)/TimerProject.app/$(BUNDLE_EXECUTABLE_FOLDER_PATH)/TimerProject";
			};
			name = Release;
		};
		AC23934929FA988400F095CB /* Debug */ = {
			isa = XCBuildConfiguration;
			buildSettings = {
				ALWAYS_EMBED_SWIFT_STANDARD_LIBRARIES = YES;
				CODE_SIGN_STYLE = Automatic;
				CURRENT_PROJECT_VERSION = 1;
				DEVELOPMENT_TEAM = KVUV47JWPM;
				GENERATE_INFOPLIST_FILE = YES;
				MARKETING_VERSION = 1.0;
				PRODUCT_BUNDLE_IDENTIFIER = com.nilsusagol.TimerProjectUITests;
				PRODUCT_NAME = "$(TARGET_NAME)";
				SWIFT_EMIT_LOC_STRINGS = NO;
				SWIFT_VERSION = 5.0;
				TARGETED_DEVICE_FAMILY = "1,2";
				TEST_TARGET_NAME = TimerProject;
			};
			name = Debug;
		};
		AC23934A29FA988400F095CB /* Release */ = {
			isa = XCBuildConfiguration;
			buildSettings = {
				ALWAYS_EMBED_SWIFT_STANDARD_LIBRARIES = YES;
				CODE_SIGN_STYLE = Automatic;
				CURRENT_PROJECT_VERSION = 1;
				DEVELOPMENT_TEAM = KVUV47JWPM;
				GENERATE_INFOPLIST_FILE = YES;
				MARKETING_VERSION = 1.0;
				PRODUCT_BUNDLE_IDENTIFIER = com.nilsusagol.TimerProjectUITests;
				PRODUCT_NAME = "$(TARGET_NAME)";
				SWIFT_EMIT_LOC_STRINGS = NO;
				SWIFT_VERSION = 5.0;
				TARGETED_DEVICE_FAMILY = "1,2";
				TEST_TARGET_NAME = TimerProject;
			};
			name = Release;
		};
/* End XCBuildConfiguration section */

/* Begin XCConfigurationList section */
		AC23931329FA988200F095CB /* Build configuration list for PBXProject "TimerProject" */ = {
			isa = XCConfigurationList;
			buildConfigurations = (
				AC23934029FA988400F095CB /* Debug */,
				AC23934129FA988400F095CB /* Release */,
			);
			defaultConfigurationIsVisible = 0;
			defaultConfigurationName = Release;
		};
		AC23934229FA988400F095CB /* Build configuration list for PBXNativeTarget "TimerProject" */ = {
			isa = XCConfigurationList;
			buildConfigurations = (
				AC23934329FA988400F095CB /* Debug */,
				AC23934429FA988400F095CB /* Release */,
			);
			defaultConfigurationIsVisible = 0;
			defaultConfigurationName = Release;
		};
		AC23934529FA988400F095CB /* Build configuration list for PBXNativeTarget "TimerProjectTests" */ = {
			isa = XCConfigurationList;
			buildConfigurations = (
				AC23934629FA988400F095CB /* Debug */,
				AC23934729FA988400F095CB /* Release */,
			);
			defaultConfigurationIsVisible = 0;
			defaultConfigurationName = Release;
		};
		AC23934829FA988400F095CB /* Build configuration list for PBXNativeTarget "TimerProjectUITests" */ = {
			isa = XCConfigurationList;
			buildConfigurations = (
				AC23934929FA988400F095CB /* Debug */,
				AC23934A29FA988400F095CB /* Release */,
			);
			defaultConfigurationIsVisible = 0;
			defaultConfigurationName = Release;
		};
/* End XCConfigurationList section */
	};
	rootObject = AC23931029FA988200F095CB /* Project object */;
}
